// !$*UTF8*$!
{
	archiveVersion = 1;
	classes = {
	};
	objectVersion = 56;
	objects = {

/* Begin PBXBuildFile section */
		8447EBBD2C5C5068004A284E /* ParchmentRecipesApp.swift in Sources */ = {isa = PBXBuildFile; fileRef = 8447EBBC2C5C5068004A284E /* ParchmentRecipesApp.swift */; };
		8447EBBF2C5C5068004A284E /* ContentView.swift in Sources */ = {isa = PBXBuildFile; fileRef = 8447EBBE2C5C5068004A284E /* ContentView.swift */; };
		8447EBC12C5C506A004A284E /* Assets.xcassets in Resources */ = {isa = PBXBuildFile; fileRef = 8447EBC02C5C506A004A284E /* Assets.xcassets */; };
		8447EBC42C5C506A004A284E /* Preview Assets.xcassets in Resources */ = {isa = PBXBuildFile; fileRef = 8447EBC32C5C506A004A284E /* Preview Assets.xcassets */; };
		8447EBCE2C5C506A004A284E /* parchment_recipes_appTests.swift in Sources */ = {isa = PBXBuildFile; fileRef = 8447EBCD2C5C506A004A284E /* parchment_recipes_appTests.swift */; };
		8447EBD82C5C506A004A284E /* parchment_recipes_appUITests.swift in Sources */ = {isa = PBXBuildFile; fileRef = 8447EBD72C5C506A004A284E /* parchment_recipes_appUITests.swift */; };
		8447EBDA2C5C506A004A284E /* parchment_recipes_appUITestsLaunchTests.swift in Sources */ = {isa = PBXBuildFile; fileRef = 8447EBD92C5C506A004A284E /* parchment_recipes_appUITestsLaunchTests.swift */; };
		8447EBE82C5C50E4004A284E /* Recipe.swift in Sources */ = {isa = PBXBuildFile; fileRef = 8447EBE72C5C50E4004A284E /* Recipe.swift */; };
		8447EBEA2C5C528E004A284E /* Ingredient.swift in Sources */ = {isa = PBXBuildFile; fileRef = 8447EBE92C5C528E004A284E /* Ingredient.swift */; };
		8447EBEC2C5C529C004A284E /* Direction.swift in Sources */ = {isa = PBXBuildFile; fileRef = 8447EBEB2C5C529C004A284E /* Direction.swift */; };
		8447EBEF2C5C60D7004A284E /* RecipeError.swift in Sources */ = {isa = PBXBuildFile; fileRef = 8447EBEE2C5C60D7004A284E /* RecipeError.swift */; };
/* End PBXBuildFile section */

/* Begin PBXContainerItemProxy section */
		8447EBCA2C5C506A004A284E /* PBXContainerItemProxy */ = {
			isa = PBXContainerItemProxy;
			containerPortal = 8447EBB12C5C5068004A284E /* Project object */;
			proxyType = 1;
			remoteGlobalIDString = 8447EBB82C5C5068004A284E;
			remoteInfo = "parchment-recipes-app";
		};
		8447EBD42C5C506A004A284E /* PBXContainerItemProxy */ = {
			isa = PBXContainerItemProxy;
			containerPortal = 8447EBB12C5C5068004A284E /* Project object */;
			proxyType = 1;
			remoteGlobalIDString = 8447EBB82C5C5068004A284E;
			remoteInfo = "parchment-recipes-app";
		};
/* End PBXContainerItemProxy section */

/* Begin PBXFileReference section */
		8447EBB92C5C5068004A284E /* parchment-recipes-app.app */ = {isa = PBXFileReference; explicitFileType = wrapper.application; includeInIndex = 0; path = "parchment-recipes-app.app"; sourceTree = BUILT_PRODUCTS_DIR; };
		8447EBBC2C5C5068004A284E /* ParchmentRecipesApp.swift */ = {isa = PBXFileReference; lastKnownFileType = sourcecode.swift; path = ParchmentRecipesApp.swift; sourceTree = "<group>"; };
		8447EBBE2C5C5068004A284E /* ContentView.swift */ = {isa = PBXFileReference; lastKnownFileType = sourcecode.swift; path = ContentView.swift; sourceTree = "<group>"; };
		8447EBC02C5C506A004A284E /* Assets.xcassets */ = {isa = PBXFileReference; lastKnownFileType = folder.assetcatalog; path = Assets.xcassets; sourceTree = "<group>"; };
		8447EBC32C5C506A004A284E /* Preview Assets.xcassets */ = {isa = PBXFileReference; lastKnownFileType = folder.assetcatalog; path = "Preview Assets.xcassets"; sourceTree = "<group>"; };
		8447EBC92C5C506A004A284E /* parchment-recipes-appTests.xctest */ = {isa = PBXFileReference; explicitFileType = wrapper.cfbundle; includeInIndex = 0; path = "parchment-recipes-appTests.xctest"; sourceTree = BUILT_PRODUCTS_DIR; };
		8447EBCD2C5C506A004A284E /* parchment_recipes_appTests.swift */ = {isa = PBXFileReference; lastKnownFileType = sourcecode.swift; path = parchment_recipes_appTests.swift; sourceTree = "<group>"; };
		8447EBD32C5C506A004A284E /* parchment-recipes-appUITests.xctest */ = {isa = PBXFileReference; explicitFileType = wrapper.cfbundle; includeInIndex = 0; path = "parchment-recipes-appUITests.xctest"; sourceTree = BUILT_PRODUCTS_DIR; };
		8447EBD72C5C506A004A284E /* parchment_recipes_appUITests.swift */ = {isa = PBXFileReference; lastKnownFileType = sourcecode.swift; path = parchment_recipes_appUITests.swift; sourceTree = "<group>"; };
		8447EBD92C5C506A004A284E /* parchment_recipes_appUITestsLaunchTests.swift */ = {isa = PBXFileReference; lastKnownFileType = sourcecode.swift; path = parchment_recipes_appUITestsLaunchTests.swift; sourceTree = "<group>"; };
		8447EBE72C5C50E4004A284E /* Recipe.swift */ = {isa = PBXFileReference; lastKnownFileType = sourcecode.swift; path = Recipe.swift; sourceTree = "<group>"; };
		8447EBE92C5C528E004A284E /* Ingredient.swift */ = {isa = PBXFileReference; lastKnownFileType = sourcecode.swift; path = Ingredient.swift; sourceTree = "<group>"; };
		8447EBEB2C5C529C004A284E /* Direction.swift */ = {isa = PBXFileReference; lastKnownFileType = sourcecode.swift; path = Direction.swift; sourceTree = "<group>"; };
		8447EBEE2C5C60D7004A284E /* RecipeError.swift */ = {isa = PBXFileReference; lastKnownFileType = sourcecode.swift; path = RecipeError.swift; sourceTree = "<group>"; };
/* End PBXFileReference section */

/* Begin PBXFrameworksBuildPhase section */
		8447EBB62C5C5068004A284E /* Frameworks */ = {
			isa = PBXFrameworksBuildPhase;
			buildActionMask = 2147483647;
			files = (
			);
			runOnlyForDeploymentPostprocessing = 0;
		};
		8447EBC62C5C506A004A284E /* Frameworks */ = {
			isa = PBXFrameworksBuildPhase;
			buildActionMask = 2147483647;
			files = (
			);
			runOnlyForDeploymentPostprocessing = 0;
		};
		8447EBD02C5C506A004A284E /* Frameworks */ = {
			isa = PBXFrameworksBuildPhase;
			buildActionMask = 2147483647;
			files = (
			);
			runOnlyForDeploymentPostprocessing = 0;
		};
/* End PBXFrameworksBuildPhase section */

/* Begin PBXGroup section */
		8447EBB02C5C5068004A284E = {
			isa = PBXGroup;
			children = (
				8447EBBB2C5C5068004A284E /* parchment-recipes-app */,
				8447EBCC2C5C506A004A284E /* parchment-recipes-appTests */,
				8447EBD62C5C506A004A284E /* parchment-recipes-appUITests */,
				8447EBBA2C5C5068004A284E /* Products */,
			);
			sourceTree = "<group>";
		};
		8447EBBA2C5C5068004A284E /* Products */ = {
			isa = PBXGroup;
			children = (
				8447EBB92C5C5068004A284E /* parchment-recipes-app.app */,
				8447EBC92C5C506A004A284E /* parchment-recipes-appTests.xctest */,
				8447EBD32C5C506A004A284E /* parchment-recipes-appUITests.xctest */,
			);
			name = Products;
			sourceTree = "<group>";
		};
		8447EBBB2C5C5068004A284E /* parchment-recipes-app */ = {
			isa = PBXGroup;
			children = (
				8447EBED2C5C555F004A284E /* error */,
				8447EBE62C5C50A7004A284E /* model */,
				8447EBBC2C5C5068004A284E /* ParchmentRecipesApp.swift */,
				8447EBBE2C5C5068004A284E /* ContentView.swift */,
				8447EBC02C5C506A004A284E /* Assets.xcassets */,
				8447EBC22C5C506A004A284E /* Preview Content */,
			);
			path = "parchment-recipes-app";
			sourceTree = "<group>";
		};
		8447EBC22C5C506A004A284E /* Preview Content */ = {
			isa = PBXGroup;
			children = (
				8447EBC32C5C506A004A284E /* Preview Assets.xcassets */,
			);
			path = "Preview Content";
			sourceTree = "<group>";
		};
		8447EBCC2C5C506A004A284E /* parchment-recipes-appTests */ = {
			isa = PBXGroup;
			children = (
				8447EBCD2C5C506A004A284E /* parchment_recipes_appTests.swift */,
			);
			path = "parchment-recipes-appTests";
			sourceTree = "<group>";
		};
		8447EBD62C5C506A004A284E /* parchment-recipes-appUITests */ = {
			isa = PBXGroup;
			children = (
				8447EBD72C5C506A004A284E /* parchment_recipes_appUITests.swift */,
				8447EBD92C5C506A004A284E /* parchment_recipes_appUITestsLaunchTests.swift */,
			);
			path = "parchment-recipes-appUITests";
			sourceTree = "<group>";
		};
		8447EBE62C5C50A7004A284E /* model */ = {
			isa = PBXGroup;
			children = (
				8447EBE72C5C50E4004A284E /* Recipe.swift */,
				8447EBE92C5C528E004A284E /* Ingredient.swift */,
				8447EBEB2C5C529C004A284E /* Direction.swift */,
			);
			path = model;
			sourceTree = "<group>";
		};
		8447EBED2C5C555F004A284E /* error */ = {
			isa = PBXGroup;
			children = (
				8447EBEE2C5C60D7004A284E /* RecipeError.swift */,
			);
			path = error;
			sourceTree = "<group>";
		};
/* End PBXGroup section */

/* Begin PBXNativeTarget section */
		8447EBB82C5C5068004A284E /* parchment-recipes-app */ = {
			isa = PBXNativeTarget;
			buildConfigurationList = 8447EBDD2C5C506A004A284E /* Build configuration list for PBXNativeTarget "parchment-recipes-app" */;
			buildPhases = (
				8447EBB52C5C5068004A284E /* Sources */,
				8447EBB62C5C5068004A284E /* Frameworks */,
				8447EBB72C5C5068004A284E /* Resources */,
			);
			buildRules = (
			);
			dependencies = (
			);
			name = "parchment-recipes-app";
			productName = "parchment-recipes-app";
			productReference = 8447EBB92C5C5068004A284E /* parchment-recipes-app.app */;
			productType = "com.apple.product-type.application";
		};
		8447EBC82C5C506A004A284E /* parchment-recipes-appTests */ = {
			isa = PBXNativeTarget;
			buildConfigurationList = 8447EBE02C5C506A004A284E /* Build configuration list for PBXNativeTarget "parchment-recipes-appTests" */;
			buildPhases = (
				8447EBC52C5C506A004A284E /* Sources */,
				8447EBC62C5C506A004A284E /* Frameworks */,
				8447EBC72C5C506A004A284E /* Resources */,
			);
			buildRules = (
			);
			dependencies = (
				8447EBCB2C5C506A004A284E /* PBXTargetDependency */,
			);
			name = "parchment-recipes-appTests";
			productName = "parchment-recipes-appTests";
			productReference = 8447EBC92C5C506A004A284E /* parchment-recipes-appTests.xctest */;
			productType = "com.apple.product-type.bundle.unit-test";
		};
		8447EBD22C5C506A004A284E /* parchment-recipes-appUITests */ = {
			isa = PBXNativeTarget;
			buildConfigurationList = 8447EBE32C5C506A004A284E /* Build configuration list for PBXNativeTarget "parchment-recipes-appUITests" */;
			buildPhases = (
				8447EBCF2C5C506A004A284E /* Sources */,
				8447EBD02C5C506A004A284E /* Frameworks */,
				8447EBD12C5C506A004A284E /* Resources */,
			);
			buildRules = (
			);
			dependencies = (
				8447EBD52C5C506A004A284E /* PBXTargetDependency */,
			);
			name = "parchment-recipes-appUITests";
			productName = "parchment-recipes-appUITests";
			productReference = 8447EBD32C5C506A004A284E /* parchment-recipes-appUITests.xctest */;
			productType = "com.apple.product-type.bundle.ui-testing";
		};
/* End PBXNativeTarget section */

/* Begin PBXProject section */
		8447EBB12C5C5068004A284E /* Project object */ = {
			isa = PBXProject;
			attributes = {
				BuildIndependentTargetsInParallel = 1;
				LastSwiftUpdateCheck = 1540;
				LastUpgradeCheck = 1540;
				TargetAttributes = {
					8447EBB82C5C5068004A284E = {
						CreatedOnToolsVersion = 15.4;
					};
					8447EBC82C5C506A004A284E = {
						CreatedOnToolsVersion = 15.4;
						TestTargetID = 8447EBB82C5C5068004A284E;
					};
					8447EBD22C5C506A004A284E = {
						CreatedOnToolsVersion = 15.4;
						TestTargetID = 8447EBB82C5C5068004A284E;
					};
				};
			};
			buildConfigurationList = 8447EBB42C5C5068004A284E /* Build configuration list for PBXProject "parchment-recipes-app" */;
			compatibilityVersion = "Xcode 14.0";
			developmentRegion = en;
			hasScannedForEncodings = 0;
			knownRegions = (
				en,
				Base,
			);
			mainGroup = 8447EBB02C5C5068004A284E;
			productRefGroup = 8447EBBA2C5C5068004A284E /* Products */;
			projectDirPath = "";
			projectRoot = "";
			targets = (
				8447EBB82C5C5068004A284E /* parchment-recipes-app */,
				8447EBC82C5C506A004A284E /* parchment-recipes-appTests */,
				8447EBD22C5C506A004A284E /* parchment-recipes-appUITests */,
			);
		};
/* End PBXProject section */

/* Begin PBXResourcesBuildPhase section */
		8447EBB72C5C5068004A284E /* Resources */ = {
			isa = PBXResourcesBuildPhase;
			buildActionMask = 2147483647;
			files = (
				8447EBC42C5C506A004A284E /* Preview Assets.xcassets in Resources */,
				8447EBC12C5C506A004A284E /* Assets.xcassets in Resources */,
			);
			runOnlyForDeploymentPostprocessing = 0;
		};
		8447EBC72C5C506A004A284E /* Resources */ = {
			isa = PBXResourcesBuildPhase;
			buildActionMask = 2147483647;
			files = (
			);
			runOnlyForDeploymentPostprocessing = 0;
		};
		8447EBD12C5C506A004A284E /* Resources */ = {
			isa = PBXResourcesBuildPhase;
			buildActionMask = 2147483647;
			files = (
			);
			runOnlyForDeploymentPostprocessing = 0;
		};
/* End PBXResourcesBuildPhase section */

/* Begin PBXSourcesBuildPhase section */
		8447EBB52C5C5068004A284E /* Sources */ = {
			isa = PBXSourcesBuildPhase;
			buildActionMask = 2147483647;
			files = (
				8447EBEA2C5C528E004A284E /* Ingredient.swift in Sources */,
				8447EBE82C5C50E4004A284E /* Recipe.swift in Sources */,
				8447EBBF2C5C5068004A284E /* ContentView.swift in Sources */,
				8447EBEC2C5C529C004A284E /* Direction.swift in Sources */,
				8447EBEF2C5C60D7004A284E /* RecipeError.swift in Sources */,
				8447EBBD2C5C5068004A284E /* ParchmentRecipesApp.swift in Sources */,
			);
			runOnlyForDeploymentPostprocessing = 0;
		};
		8447EBC52C5C506A004A284E /* Sources */ = {
			isa = PBXSourcesBuildPhase;
			buildActionMask = 2147483647;
			files = (
				8447EBCE2C5C506A004A284E /* parchment_recipes_appTests.swift in Sources */,
			);
			runOnlyForDeploymentPostprocessing = 0;
		};
		8447EBCF2C5C506A004A284E /* Sources */ = {
			isa = PBXSourcesBuildPhase;
			buildActionMask = 2147483647;
			files = (
				8447EBD82C5C506A004A284E /* parchment_recipes_appUITests.swift in Sources */,
				8447EBDA2C5C506A004A284E /* parchment_recipes_appUITestsLaunchTests.swift in Sources */,
			);
			runOnlyForDeploymentPostprocessing = 0;
		};
/* End PBXSourcesBuildPhase section */

/* Begin PBXTargetDependency section */
		8447EBCB2C5C506A004A284E /* PBXTargetDependency */ = {
			isa = PBXTargetDependency;
			target = 8447EBB82C5C5068004A284E /* parchment-recipes-app */;
			targetProxy = 8447EBCA2C5C506A004A284E /* PBXContainerItemProxy */;
		};
		8447EBD52C5C506A004A284E /* PBXTargetDependency */ = {
			isa = PBXTargetDependency;
			target = 8447EBB82C5C5068004A284E /* parchment-recipes-app */;
			targetProxy = 8447EBD42C5C506A004A284E /* PBXContainerItemProxy */;
		};
/* End PBXTargetDependency section */

/* Begin XCBuildConfiguration section */
		8447EBDB2C5C506A004A284E /* Debug */ = {
			isa = XCBuildConfiguration;
			buildSettings = {
				ALWAYS_SEARCH_USER_PATHS = NO;
				ASSETCATALOG_COMPILER_GENERATE_SWIFT_ASSET_SYMBOL_EXTENSIONS = YES;
				CLANG_ANALYZER_NONNULL = YES;
				CLANG_ANALYZER_NUMBER_OBJECT_CONVERSION = YES_AGGRESSIVE;
				CLANG_CXX_LANGUAGE_STANDARD = "gnu++20";
				CLANG_ENABLE_MODULES = YES;
				CLANG_ENABLE_OBJC_ARC = YES;
				CLANG_ENABLE_OBJC_WEAK = YES;
				CLANG_WARN_BLOCK_CAPTURE_AUTORELEASING = YES;
				CLANG_WARN_BOOL_CONVERSION = YES;
				CLANG_WARN_COMMA = YES;
				CLANG_WARN_CONSTANT_CONVERSION = YES;
				CLANG_WARN_DEPRECATED_OBJC_IMPLEMENTATIONS = YES;
				CLANG_WARN_DIRECT_OBJC_ISA_USAGE = YES_ERROR;
				CLANG_WARN_DOCUMENTATION_COMMENTS = YES;
				CLANG_WARN_EMPTY_BODY = YES;
				CLANG_WARN_ENUM_CONVERSION = YES;
				CLANG_WARN_INFINITE_RECURSION = YES;
				CLANG_WARN_INT_CONVERSION = YES;
				CLANG_WARN_NON_LITERAL_NULL_CONVERSION = YES;
				CLANG_WARN_OBJC_IMPLICIT_RETAIN_SELF = YES;
				CLANG_WARN_OBJC_LITERAL_CONVERSION = YES;
				CLANG_WARN_OBJC_ROOT_CLASS = YES_ERROR;
				CLANG_WARN_QUOTED_INCLUDE_IN_FRAMEWORK_HEADER = YES;
				CLANG_WARN_RANGE_LOOP_ANALYSIS = YES;
				CLANG_WARN_STRICT_PROTOTYPES = YES;
				CLANG_WARN_SUSPICIOUS_MOVE = YES;
				CLANG_WARN_UNGUARDED_AVAILABILITY = YES_AGGRESSIVE;
				CLANG_WARN_UNREACHABLE_CODE = YES;
				CLANG_WARN__DUPLICATE_METHOD_MATCH = YES;
				COPY_PHASE_STRIP = NO;
				DEBUG_INFORMATION_FORMAT = dwarf;
				ENABLE_STRICT_OBJC_MSGSEND = YES;
				ENABLE_TESTABILITY = YES;
				ENABLE_USER_SCRIPT_SANDBOXING = YES;
				GCC_C_LANGUAGE_STANDARD = gnu17;
				GCC_DYNAMIC_NO_PIC = NO;
				GCC_NO_COMMON_BLOCKS = YES;
				GCC_OPTIMIZATION_LEVEL = 0;
				GCC_PREPROCESSOR_DEFINITIONS = (
					"DEBUG=1",
					"$(inherited)",
				);
				GCC_WARN_64_TO_32_BIT_CONVERSION = YES;
				GCC_WARN_ABOUT_RETURN_TYPE = YES_ERROR;
				GCC_WARN_UNDECLARED_SELECTOR = YES;
				GCC_WARN_UNINITIALIZED_AUTOS = YES_AGGRESSIVE;
				GCC_WARN_UNUSED_FUNCTION = YES;
				GCC_WARN_UNUSED_VARIABLE = YES;
				IPHONEOS_DEPLOYMENT_TARGET = 17.5;
				LOCALIZATION_PREFERS_STRING_CATALOGS = YES;
				MTL_ENABLE_DEBUG_INFO = INCLUDE_SOURCE;
				MTL_FAST_MATH = YES;
				ONLY_ACTIVE_ARCH = YES;
				SDKROOT = iphoneos;
				SWIFT_ACTIVE_COMPILATION_CONDITIONS = "DEBUG $(inherited)";
				SWIFT_OPTIMIZATION_LEVEL = "-Onone";
			};
			name = Debug;
		};
		8447EBDC2C5C506A004A284E /* Release */ = {
			isa = XCBuildConfiguration;
			buildSettings = {
				ALWAYS_SEARCH_USER_PATHS = NO;
				ASSETCATALOG_COMPILER_GENERATE_SWIFT_ASSET_SYMBOL_EXTENSIONS = YES;
				CLANG_ANALYZER_NONNULL = YES;
				CLANG_ANALYZER_NUMBER_OBJECT_CONVERSION = YES_AGGRESSIVE;
				CLANG_CXX_LANGUAGE_STANDARD = "gnu++20";
				CLANG_ENABLE_MODULES = YES;
				CLANG_ENABLE_OBJC_ARC = YES;
				CLANG_ENABLE_OBJC_WEAK = YES;
				CLANG_WARN_BLOCK_CAPTURE_AUTORELEASING = YES;
				CLANG_WARN_BOOL_CONVERSION = YES;
				CLANG_WARN_COMMA = YES;
				CLANG_WARN_CONSTANT_CONVERSION = YES;
				CLANG_WARN_DEPRECATED_OBJC_IMPLEMENTATIONS = YES;
				CLANG_WARN_DIRECT_OBJC_ISA_USAGE = YES_ERROR;
				CLANG_WARN_DOCUMENTATION_COMMENTS = YES;
				CLANG_WARN_EMPTY_BODY = YES;
				CLANG_WARN_ENUM_CONVERSION = YES;
				CLANG_WARN_INFINITE_RECURSION = YES;
				CLANG_WARN_INT_CONVERSION = YES;
				CLANG_WARN_NON_LITERAL_NULL_CONVERSION = YES;
				CLANG_WARN_OBJC_IMPLICIT_RETAIN_SELF = YES;
				CLANG_WARN_OBJC_LITERAL_CONVERSION = YES;
				CLANG_WARN_OBJC_ROOT_CLASS = YES_ERROR;
				CLANG_WARN_QUOTED_INCLUDE_IN_FRAMEWORK_HEADER = YES;
				CLANG_WARN_RANGE_LOOP_ANALYSIS = YES;
				CLANG_WARN_STRICT_PROTOTYPES = YES;
				CLANG_WARN_SUSPICIOUS_MOVE = YES;
				CLANG_WARN_UNGUARDED_AVAILABILITY = YES_AGGRESSIVE;
				CLANG_WARN_UNREACHABLE_CODE = YES;
				CLANG_WARN__DUPLICATE_METHOD_MATCH = YES;
				COPY_PHASE_STRIP = NO;
				DEBUG_INFORMATION_FORMAT = "dwarf-with-dsym";
				ENABLE_NS_ASSERTIONS = NO;
				ENABLE_STRICT_OBJC_MSGSEND = YES;
				ENABLE_USER_SCRIPT_SANDBOXING = YES;
				GCC_C_LANGUAGE_STANDARD = gnu17;
				GCC_NO_COMMON_BLOCKS = YES;
				GCC_WARN_64_TO_32_BIT_CONVERSION = YES;
				GCC_WARN_ABOUT_RETURN_TYPE = YES_ERROR;
				GCC_WARN_UNDECLARED_SELECTOR = YES;
				GCC_WARN_UNINITIALIZED_AUTOS = YES_AGGRESSIVE;
				GCC_WARN_UNUSED_FUNCTION = YES;
				GCC_WARN_UNUSED_VARIABLE = YES;
				IPHONEOS_DEPLOYMENT_TARGET = 17.5;
				LOCALIZATION_PREFERS_STRING_CATALOGS = YES;
				MTL_ENABLE_DEBUG_INFO = NO;
				MTL_FAST_MATH = YES;
				SDKROOT = iphoneos;
				SWIFT_COMPILATION_MODE = wholemodule;
				VALIDATE_PRODUCT = YES;
			};
			name = Release;
		};
		8447EBDE2C5C506A004A284E /* Debug */ = {
			isa = XCBuildConfiguration;
			buildSettings = {
				ASSETCATALOG_COMPILER_APPICON_NAME = AppIcon;
				ASSETCATALOG_COMPILER_GLOBAL_ACCENT_COLOR_NAME = AccentColor;
				CODE_SIGN_STYLE = Automatic;
				CURRENT_PROJECT_VERSION = 1;
				DEVELOPMENT_ASSET_PATHS = "\"parchment-recipes-app/Preview Content\"";
				ENABLE_PREVIEWS = YES;
				GENERATE_INFOPLIST_FILE = YES;
				INFOPLIST_KEY_UIApplicationSceneManifest_Generation = YES;
				INFOPLIST_KEY_UIApplicationSupportsIndirectInputEvents = YES;
				INFOPLIST_KEY_UILaunchScreen_Generation = YES;
				INFOPLIST_KEY_UISupportedInterfaceOrientations_iPad = "UIInterfaceOrientationPortrait UIInterfaceOrientationPortraitUpsideDown UIInterfaceOrientationLandscapeLeft UIInterfaceOrientationLandscapeRight";
				INFOPLIST_KEY_UISupportedInterfaceOrientations_iPhone = "UIInterfaceOrientationPortrait UIInterfaceOrientationLandscapeLeft UIInterfaceOrientationLandscapeRight";
				LD_RUNPATH_SEARCH_PATHS = (
					"$(inherited)",
					"@executable_path/Frameworks",
				);
				MARKETING_VERSION = 1.0;
				PRODUCT_BUNDLE_IDENTIFIER = "mhayes.parchment-recipes-app";
				PRODUCT_NAME = "$(TARGET_NAME)";
				SWIFT_EMIT_LOC_STRINGS = YES;
				SWIFT_VERSION = 5.0;
				TARGETED_DEVICE_FAMILY = "1,2";
			};
			name = Debug;
		};
		8447EBDF2C5C506A004A284E /* Release */ = {
			isa = XCBuildConfiguration;
			buildSettings = {
				ASSETCATALOG_COMPILER_APPICON_NAME = AppIcon;
				ASSETCATALOG_COMPILER_GLOBAL_ACCENT_COLOR_NAME = AccentColor;
				CODE_SIGN_STYLE = Automatic;
				CURRENT_PROJECT_VERSION = 1;
				DEVELOPMENT_ASSET_PATHS = "\"parchment-recipes-app/Preview Content\"";
				ENABLE_PREVIEWS = YES;
				GENERATE_INFOPLIST_FILE = YES;
				INFOPLIST_KEY_UIApplicationSceneManifest_Generation = YES;
				INFOPLIST_KEY_UIApplicationSupportsIndirectInputEvents = YES;
				INFOPLIST_KEY_UILaunchScreen_Generation = YES;
				INFOPLIST_KEY_UISupportedInterfaceOrientations_iPad = "UIInterfaceOrientationPortrait UIInterfaceOrientationPortraitUpsideDown UIInterfaceOrientationLandscapeLeft UIInterfaceOrientationLandscapeRight";
				INFOPLIST_KEY_UISupportedInterfaceOrientations_iPhone = "UIInterfaceOrientationPortrait UIInterfaceOrientationLandscapeLeft UIInterfaceOrientationLandscapeRight";
				LD_RUNPATH_SEARCH_PATHS = (
					"$(inherited)",
					"@executable_path/Frameworks",
				);
				MARKETING_VERSION = 1.0;
				PRODUCT_BUNDLE_IDENTIFIER = "mhayes.parchment-recipes-app";
				PRODUCT_NAME = "$(TARGET_NAME)";
				SWIFT_EMIT_LOC_STRINGS = YES;
				SWIFT_VERSION = 5.0;
				TARGETED_DEVICE_FAMILY = "1,2";
			};
			name = Release;
		};
		8447EBE12C5C506A004A284E /* Debug */ = {
			isa = XCBuildConfiguration;
			buildSettings = {
				ALWAYS_EMBED_SWIFT_STANDARD_LIBRARIES = YES;
				BUNDLE_LOADER = "$(TEST_HOST)";
				CODE_SIGN_STYLE = Automatic;
				CURRENT_PROJECT_VERSION = 1;
				GENERATE_INFOPLIST_FILE = YES;
				IPHONEOS_DEPLOYMENT_TARGET = 17.5;
				MARKETING_VERSION = 1.0;
				PRODUCT_BUNDLE_IDENTIFIER = "mhayes.parchment-recipes-appTests";
				PRODUCT_NAME = "$(TARGET_NAME)";
				SWIFT_EMIT_LOC_STRINGS = NO;
				SWIFT_VERSION = 5.0;
				TARGETED_DEVICE_FAMILY = "1,2";
				TEST_HOST = "$(BUILT_PRODUCTS_DIR)/parchment-recipes-app.app/$(BUNDLE_EXECUTABLE_FOLDER_PATH)/parchment-recipes-app";
			};
			name = Debug;
		};
		8447EBE22C5C506A004A284E /* Release */ = {
			isa = XCBuildConfiguration;
			buildSettings = {
				ALWAYS_EMBED_SWIFT_STANDARD_LIBRARIES = YES;
				BUNDLE_LOADER = "$(TEST_HOST)";
				CODE_SIGN_STYLE = Automatic;
				CURRENT_PROJECT_VERSION = 1;
				GENERATE_INFOPLIST_FILE = YES;
				IPHONEOS_DEPLOYMENT_TARGET = 17.5;
				MARKETING_VERSION = 1.0;
				PRODUCT_BUNDLE_IDENTIFIER = "mhayes.parchment-recipes-appTests";
				PRODUCT_NAME = "$(TARGET_NAME)";
				SWIFT_EMIT_LOC_STRINGS = NO;
				SWIFT_VERSION = 5.0;
				TARGETED_DEVICE_FAMILY = "1,2";
				TEST_HOST = "$(BUILT_PRODUCTS_DIR)/parchment-recipes-app.app/$(BUNDLE_EXECUTABLE_FOLDER_PATH)/parchment-recipes-app";
			};
			name = Release;
		};
		8447EBE42C5C506A004A284E /* Debug */ = {
			isa = XCBuildConfiguration;
			buildSettings = {
				ALWAYS_EMBED_SWIFT_STANDARD_LIBRARIES = YES;
				CODE_SIGN_STYLE = Automatic;
				CURRENT_PROJECT_VERSION = 1;
				GENERATE_INFOPLIST_FILE = YES;
				MARKETING_VERSION = 1.0;
				PRODUCT_BUNDLE_IDENTIFIER = "mhayes.parchment-recipes-appUITests";
				PRODUCT_NAME = "$(TARGET_NAME)";
				SWIFT_EMIT_LOC_STRINGS = NO;
				SWIFT_VERSION = 5.0;
				TARGETED_DEVICE_FAMILY = "1,2";
				TEST_TARGET_NAME = "parchment-recipes-app";
			};
			name = Debug;
		};
		8447EBE52C5C506A004A284E /* Release */ = {
			isa = XCBuildConfiguration;
			buildSettings = {
				ALWAYS_EMBED_SWIFT_STANDARD_LIBRARIES = YES;
				CODE_SIGN_STYLE = Automatic;
				CURRENT_PROJECT_VERSION = 1;
				GENERATE_INFOPLIST_FILE = YES;
				MARKETING_VERSION = 1.0;
				PRODUCT_BUNDLE_IDENTIFIER = "mhayes.parchment-recipes-appUITests";
				PRODUCT_NAME = "$(TARGET_NAME)";
				SWIFT_EMIT_LOC_STRINGS = NO;
				SWIFT_VERSION = 5.0;
				TARGETED_DEVICE_FAMILY = "1,2";
				TEST_TARGET_NAME = "parchment-recipes-app";
			};
			name = Release;
		};
/* End XCBuildConfiguration section */

/* Begin XCConfigurationList section */
		8447EBB42C5C5068004A284E /* Build configuration list for PBXProject "parchment-recipes-app" */ = {
			isa = XCConfigurationList;
			buildConfigurations = (
				8447EBDB2C5C506A004A284E /* Debug */,
				8447EBDC2C5C506A004A284E /* Release */,
			);
			defaultConfigurationIsVisible = 0;
			defaultConfigurationName = Release;
		};
		8447EBDD2C5C506A004A284E /* Build configuration list for PBXNativeTarget "parchment-recipes-app" */ = {
			isa = XCConfigurationList;
			buildConfigurations = (
				8447EBDE2C5C506A004A284E /* Debug */,
				8447EBDF2C5C506A004A284E /* Release */,
			);
			defaultConfigurationIsVisible = 0;
			defaultConfigurationName = Release;
		};
		8447EBE02C5C506A004A284E /* Build configuration list for PBXNativeTarget "parchment-recipes-appTests" */ = {
			isa = XCConfigurationList;
			buildConfigurations = (
				8447EBE12C5C506A004A284E /* Debug */,
				8447EBE22C5C506A004A284E /* Release */,
			);
			defaultConfigurationIsVisible = 0;
			defaultConfigurationName = Release;
		};
		8447EBE32C5C506A004A284E /* Build configuration list for PBXNativeTarget "parchment-recipes-appUITests" */ = {
			isa = XCConfigurationList;
			buildConfigurations = (
				8447EBE42C5C506A004A284E /* Debug */,
				8447EBE52C5C506A004A284E /* Release */,
			);
			defaultConfigurationIsVisible = 0;
			defaultConfigurationName = Release;
		};
/* End XCConfigurationList section */
	};
	rootObject = 8447EBB12C5C5068004A284E /* Project object */;
}
